// !$*UTF8*$!
{
	archiveVersion = 1;
	classes = {
	};
	objectVersion = 50;
	objects = {

/* Begin PBXBuildFile section */
		DBBD758A24D0A5CF000FF7CC /* AppDelegate.swift in Sources */ = {isa = PBXBuildFile; fileRef = DBBD758924D0A5CF000FF7CC /* AppDelegate.swift */; };
		DBBD759024D0A5CF000FF7CC /* GameScene.swift in Sources */ = {isa = PBXBuildFile; fileRef = DBBD758F24D0A5CF000FF7CC /* GameScene.swift */; };
		DBBD759224D0A5CF000FF7CC /* GameViewController.swift in Sources */ = {isa = PBXBuildFile; fileRef = DBBD759124D0A5CF000FF7CC /* GameViewController.swift */; };
		DBBD759524D0A5CF000FF7CC /* Main.storyboard in Resources */ = {isa = PBXBuildFile; fileRef = DBBD759324D0A5CF000FF7CC /* Main.storyboard */; };
		DBBD759724D0A5D0000FF7CC /* Assets.xcassets in Resources */ = {isa = PBXBuildFile; fileRef = DBBD759624D0A5D0000FF7CC /* Assets.xcassets */; };
		DBBD759A24D0A5D0000FF7CC /* LaunchScreen.storyboard in Resources */ = {isa = PBXBuildFile; fileRef = DBBD759824D0A5D0000FF7CC /* LaunchScreen.storyboard */; };
		DBBD75A224D0A928000FF7CC /* telaPlayer1.swift in Sources */ = {isa = PBXBuildFile; fileRef = DBBD75A124D0A928000FF7CC /* telaPlayer1.swift */; };
		DBBD75A424D0AA95000FF7CC /* telaOtherPlayers.swift in Sources */ = {isa = PBXBuildFile; fileRef = DBBD75A324D0AA95000FF7CC /* telaOtherPlayers.swift */; };
		DBFF012224D1E52600890ADC /* Arrow.swift in Sources */ = {isa = PBXBuildFile; fileRef = DBFF012124D1E52600890ADC /* Arrow.swift */; };
		DBFF012924D3337F00890ADC /* Mapa.swift in Sources */ = {isa = PBXBuildFile; fileRef = DBFF012824D3337F00890ADC /* Mapa.swift */; };
		DBFF012B24D8979000890ADC /* Actions.swift in Sources */ = {isa = PBXBuildFile; fileRef = DBFF012A24D8979000890ADC /* Actions.swift */; };
/* End PBXBuildFile section */

/* Begin PBXFileReference section */
		DBBD758624D0A5CF000FF7CC /* Aliens.app */ = {isa = PBXFileReference; explicitFileType = wrapper.application; includeInIndex = 0; path = Aliens.app; sourceTree = BUILT_PRODUCTS_DIR; };
		DBBD758924D0A5CF000FF7CC /* AppDelegate.swift */ = {isa = PBXFileReference; lastKnownFileType = sourcecode.swift; path = AppDelegate.swift; sourceTree = "<group>"; };
		DBBD758F24D0A5CF000FF7CC /* GameScene.swift */ = {isa = PBXFileReference; lastKnownFileType = sourcecode.swift; path = GameScene.swift; sourceTree = "<group>"; };
		DBBD759124D0A5CF000FF7CC /* GameViewController.swift */ = {isa = PBXFileReference; lastKnownFileType = sourcecode.swift; path = GameViewController.swift; sourceTree = "<group>"; };
		DBBD759424D0A5CF000FF7CC /* Base */ = {isa = PBXFileReference; lastKnownFileType = file.storyboard; name = Base; path = Base.lproj/Main.storyboard; sourceTree = "<group>"; };
		DBBD759624D0A5D0000FF7CC /* Assets.xcassets */ = {isa = PBXFileReference; lastKnownFileType = folder.assetcatalog; path = Assets.xcassets; sourceTree = "<group>"; };
		DBBD759924D0A5D0000FF7CC /* Base */ = {isa = PBXFileReference; lastKnownFileType = file.storyboard; name = Base; path = Base.lproj/LaunchScreen.storyboard; sourceTree = "<group>"; };
		DBBD759B24D0A5D0000FF7CC /* Info.plist */ = {isa = PBXFileReference; lastKnownFileType = text.plist.xml; path = Info.plist; sourceTree = "<group>"; };
		DBBD75A124D0A928000FF7CC /* telaPlayer1.swift */ = {isa = PBXFileReference; lastKnownFileType = sourcecode.swift; path = telaPlayer1.swift; sourceTree = "<group>"; };
		DBBD75A324D0AA95000FF7CC /* telaOtherPlayers.swift */ = {isa = PBXFileReference; lastKnownFileType = sourcecode.swift; path = telaOtherPlayers.swift; sourceTree = "<group>"; };
		DBFF012124D1E52600890ADC /* Arrow.swift */ = {isa = PBXFileReference; lastKnownFileType = sourcecode.swift; path = Arrow.swift; sourceTree = "<group>"; };
		DBFF012824D3337F00890ADC /* Mapa.swift */ = {isa = PBXFileReference; lastKnownFileType = sourcecode.swift; path = Mapa.swift; sourceTree = "<group>"; };
		DBFF012A24D8979000890ADC /* Actions.swift */ = {isa = PBXFileReference; lastKnownFileType = sourcecode.swift; path = Actions.swift; sourceTree = "<group>"; };
/* End PBXFileReference section */

/* Begin PBXFrameworksBuildPhase section */
		DBBD758324D0A5CF000FF7CC /* Frameworks */ = {
			isa = PBXFrameworksBuildPhase;
			buildActionMask = 2147483647;
			files = (
			);
			runOnlyForDeploymentPostprocessing = 0;
		};
/* End PBXFrameworksBuildPhase section */

/* Begin PBXGroup section */
		DBBD757D24D0A5CF000FF7CC = {
			isa = PBXGroup;
			children = (
				DBBD758824D0A5CF000FF7CC /* Aliens */,
				DBBD758724D0A5CF000FF7CC /* Products */,
			);
			sourceTree = "<group>";
		};
		DBBD758724D0A5CF000FF7CC /* Products */ = {
			isa = PBXGroup;
			children = (
				DBBD758624D0A5CF000FF7CC /* Aliens.app */,
			);
			name = Products;
			sourceTree = "<group>";
		};
		DBBD758824D0A5CF000FF7CC /* Aliens */ = {
			isa = PBXGroup;
			children = (
				DBBD758924D0A5CF000FF7CC /* AppDelegate.swift */,
				DBFF012724D20C6600890ADC /* Model */,
				DBFF012624D20C5600890ADC /* View */,
				DBFF012524D20C4C00890ADC /* Controller */,
				DBBD759624D0A5D0000FF7CC /* Assets.xcassets */,
				DBBD759B24D0A5D0000FF7CC /* Info.plist */,
			);
			path = Aliens;
			sourceTree = "<group>";
		};
		DBFF012524D20C4C00890ADC /* Controller */ = {
			isa = PBXGroup;
			children = (
				DBBD759124D0A5CF000FF7CC /* GameViewController.swift */,
			);
			path = Controller;
			sourceTree = "<group>";
		};
		DBFF012624D20C5600890ADC /* View */ = {
			isa = PBXGroup;
			children = (
				DBBD758F24D0A5CF000FF7CC /* GameScene.swift */,
				DBBD759324D0A5CF000FF7CC /* Main.storyboard */,
				DBBD759824D0A5D0000FF7CC /* LaunchScreen.storyboard */,
			);
			path = View;
			sourceTree = "<group>";
		};
		DBFF012724D20C6600890ADC /* Model */ = {
			isa = PBXGroup;
			children = (
				DBFF012124D1E52600890ADC /* Arrow.swift */,
				DBFF012A24D8979000890ADC /* Actions.swift */,
				DBFF012824D3337F00890ADC /* Mapa.swift */,
				DBBD75A124D0A928000FF7CC /* telaPlayer1.swift */,
				DBBD75A324D0AA95000FF7CC /* telaOtherPlayers.swift */,
			);
			path = Model;
			sourceTree = "<group>";
		};
/* End PBXGroup section */

/* Begin PBXNativeTarget section */
		DBBD758524D0A5CF000FF7CC /* Aliens */ = {
			isa = PBXNativeTarget;
			buildConfigurationList = DBBD759E24D0A5D0000FF7CC /* Build configuration list for PBXNativeTarget "Aliens" */;
			buildPhases = (
				DBBD758224D0A5CF000FF7CC /* Sources */,
				DBBD758324D0A5CF000FF7CC /* Frameworks */,
				DBBD758424D0A5CF000FF7CC /* Resources */,
				DBFF012C24D8B8E900890ADC /* CopyPaste Detection */,
			);
			buildRules = (
			);
			dependencies = (
			);
			name = Aliens;
			productName = Aliens;
			productReference = DBBD758624D0A5CF000FF7CC /* Aliens.app */;
			productType = "com.apple.product-type.application";
		};
/* End PBXNativeTarget section */

/* Begin PBXProject section */
		DBBD757E24D0A5CF000FF7CC /* Project object */ = {
			isa = PBXProject;
			attributes = {
				LastSwiftUpdateCheck = 1160;
				LastUpgradeCheck = 1160;
				ORGANIZATIONNAME = "Juliana Prado";
				TargetAttributes = {
					DBBD758524D0A5CF000FF7CC = {
						CreatedOnToolsVersion = 11.6;
					};
				};
			};
			buildConfigurationList = DBBD758124D0A5CF000FF7CC /* Build configuration list for PBXProject "Aliens" */;
			compatibilityVersion = "Xcode 9.3";
			developmentRegion = en;
			hasScannedForEncodings = 0;
			knownRegions = (
				en,
				Base,
			);
			mainGroup = DBBD757D24D0A5CF000FF7CC;
			productRefGroup = DBBD758724D0A5CF000FF7CC /* Products */;
			projectDirPath = "";
			projectRoot = "";
			targets = (
				DBBD758524D0A5CF000FF7CC /* Aliens */,
			);
		};
/* End PBXProject section */

/* Begin PBXResourcesBuildPhase section */
		DBBD758424D0A5CF000FF7CC /* Resources */ = {
			isa = PBXResourcesBuildPhase;
			buildActionMask = 2147483647;
			files = (
				DBBD759524D0A5CF000FF7CC /* Main.storyboard in Resources */,
				DBBD759724D0A5D0000FF7CC /* Assets.xcassets in Resources */,
				DBBD759A24D0A5D0000FF7CC /* LaunchScreen.storyboard in Resources */,
			);
			runOnlyForDeploymentPostprocessing = 0;
		};
/* End PBXResourcesBuildPhase section */

/* Begin PBXShellScriptBuildPhase section */
		DBFF012C24D8B8E900890ADC /* CopyPaste Detection */ = {
			isa = PBXShellScriptBuildPhase;
			buildActionMask = 2147483647;
			files = (
			);
			inputFileListPaths = (
			);
			inputPaths = (
			);
			name = "CopyPaste Detection";
			outputFileListPaths = (
			);
			outputPaths = (
			);
			runOnlyForDeploymentPostprocessing = 0;
			shellPath = /bin/sh;
			shellScript = "# Running CPD\n#pmd cpd --files ${EXECUTABLE_NAME} --minimum-tokens 50 --language swift --encoding UTF-8 --format net.sourceforge.pmd.cpd.XMLRenderer > /Users/julianaprado/Documents/InvasãoAlienígena/Aliens/cpd-output.xml --failOnViolation true\n\n# Running script\n#php /Users/julianaprado/Documents/InvasãoAlienígena/Aliens/cpd_script.php -cpd-xml cpd-output.xml\n";
			showEnvVarsInLog = 0;
		};
/* End PBXShellScriptBuildPhase section */

/* Begin PBXSourcesBuildPhase section */
		DBBD758224D0A5CF000FF7CC /* Sources */ = {
			isa = PBXSourcesBuildPhase;
			buildActionMask = 2147483647;
			files = (
				DBFF012924D3337F00890ADC /* Mapa.swift in Sources */,
				DBFF012B24D8979000890ADC /* Actions.swift in Sources */,
				DBBD75A224D0A928000FF7CC /* telaPlayer1.swift in Sources */,
				DBBD75A424D0AA95000FF7CC /* telaOtherPlayers.swift in Sources */,
				DBBD759024D0A5CF000FF7CC /* GameScene.swift in Sources */,
				DBBD759224D0A5CF000FF7CC /* GameViewController.swift in Sources */,
				DBBD758A24D0A5CF000FF7CC /* AppDelegate.swift in Sources */,
				DBFF012224D1E52600890ADC /* Arrow.swift in Sources */,
			);
			runOnlyForDeploymentPostprocessing = 0;
		};
/* End PBXSourcesBuildPhase section */

/* Begin PBXVariantGroup section */
		DBBD759324D0A5CF000FF7CC /* Main.storyboard */ = {
			isa = PBXVariantGroup;
			children = (
				DBBD759424D0A5CF000FF7CC /* Base */,
			);
			name = Main.storyboard;
			sourceTree = "<group>";
		};
		DBBD759824D0A5D0000FF7CC /* LaunchScreen.storyboard */ = {
			isa = PBXVariantGroup;
			children = (
				DBBD759924D0A5D0000FF7CC /* Base */,
			);
			name = LaunchScreen.storyboard;
			sourceTree = "<group>";
		};
/* End PBXVariantGroup section */

/* Begin XCBuildConfiguration section */
		DBBD759C24D0A5D0000FF7CC /* Debug */ = {
			isa = XCBuildConfiguration;
			buildSettings = {
				ALWAYS_SEARCH_USER_PATHS = NO;
				CLANG_ANALYZER_NONNULL = YES;
				CLANG_ANALYZER_NUMBER_OBJECT_CONVERSION = YES_AGGRESSIVE;
				CLANG_CXX_LANGUAGE_STANDARD = "gnu++14";
				CLANG_CXX_LIBRARY = "libc++";
				CLANG_ENABLE_MODULES = YES;
				CLANG_ENABLE_OBJC_ARC = YES;
				CLANG_ENABLE_OBJC_WEAK = YES;
				CLANG_WARN_BLOCK_CAPTURE_AUTORELEASING = YES;
				CLANG_WARN_BOOL_CONVERSION = YES;
				CLANG_WARN_COMMA = YES;
				CLANG_WARN_CONSTANT_CONVERSION = YES;
				CLANG_WARN_DEPRECATED_OBJC_IMPLEMENTATIONS = YES;
				CLANG_WARN_DIRECT_OBJC_ISA_USAGE = YES_ERROR;
				CLANG_WARN_DOCUMENTATION_COMMENTS = YES;
				CLANG_WARN_EMPTY_BODY = YES;
				CLANG_WARN_ENUM_CONVERSION = YES;
				CLANG_WARN_INFINITE_RECURSION = YES;
				CLANG_WARN_INT_CONVERSION = YES;
				CLANG_WARN_NON_LITERAL_NULL_CONVERSION = YES;
				CLANG_WARN_OBJC_IMPLICIT_RETAIN_SELF = YES;
				CLANG_WARN_OBJC_LITERAL_CONVERSION = YES;
				CLANG_WARN_OBJC_ROOT_CLASS = YES_ERROR;
				CLANG_WARN_RANGE_LOOP_ANALYSIS = YES;
				CLANG_WARN_STRICT_PROTOTYPES = YES;
				CLANG_WARN_SUSPICIOUS_MOVE = YES;
				CLANG_WARN_UNGUARDED_AVAILABILITY = YES_AGGRESSIVE;
				CLANG_WARN_UNREACHABLE_CODE = YES;
				CLANG_WARN__DUPLICATE_METHOD_MATCH = YES;
				COPY_PHASE_STRIP = NO;
				DEBUG_INFORMATION_FORMAT = dwarf;
				ENABLE_STRICT_OBJC_MSGSEND = YES;
				ENABLE_TESTABILITY = YES;
				GCC_C_LANGUAGE_STANDARD = gnu11;
				GCC_DYNAMIC_NO_PIC = NO;
				GCC_NO_COMMON_BLOCKS = YES;
				GCC_OPTIMIZATION_LEVEL = 0;
				GCC_PREPROCESSOR_DEFINITIONS = (
					"DEBUG=1",
					"$(inherited)",
				);
				GCC_WARN_64_TO_32_BIT_CONVERSION = YES;
				GCC_WARN_ABOUT_RETURN_TYPE = YES_ERROR;
				GCC_WARN_UNDECLARED_SELECTOR = YES;
				GCC_WARN_UNINITIALIZED_AUTOS = YES_AGGRESSIVE;
				GCC_WARN_UNUSED_FUNCTION = YES;
				GCC_WARN_UNUSED_VARIABLE = YES;
				IPHONEOS_DEPLOYMENT_TARGET = 13.6;
				MTL_ENABLE_DEBUG_INFO = INCLUDE_SOURCE;
				MTL_FAST_MATH = YES;
				ONLY_ACTIVE_ARCH = YES;
				SDKROOT = iphoneos;
				SWIFT_ACTIVE_COMPILATION_CONDITIONS = DEBUG;
				SWIFT_OPTIMIZATION_LEVEL = "-Onone";
			};
			name = Debug;
		};
		DBBD759D24D0A5D0000FF7CC /* Release */ = {
			isa = XCBuildConfiguration;
			buildSettings = {
				ALWAYS_SEARCH_USER_PATHS = NO;
				CLANG_ANALYZER_NONNULL = YES;
				CLANG_ANALYZER_NUMBER_OBJECT_CONVERSION = YES_AGGRESSIVE;
				CLANG_CXX_LANGUAGE_STANDARD = "gnu++14";
				CLANG_CXX_LIBRARY = "libc++";
				CLANG_ENABLE_MODULES = YES;
				CLANG_ENABLE_OBJC_ARC = YES;
				CLANG_ENABLE_OBJC_WEAK = YES;
				CLANG_WARN_BLOCK_CAPTURE_AUTORELEASING = YES;
				CLANG_WARN_BOOL_CONVERSION = YES;
				CLANG_WARN_COMMA = YES;
				CLANG_WARN_CONSTANT_CONVERSION = YES;
				CLANG_WARN_DEPRECATED_OBJC_IMPLEMENTATIONS = YES;
				CLANG_WARN_DIRECT_OBJC_ISA_USAGE = YES_ERROR;
				CLANG_WARN_DOCUMENTATION_COMMENTS = YES;
				CLANG_WARN_EMPTY_BODY = YES;
				CLANG_WARN_ENUM_CONVERSION = YES;
				CLANG_WARN_INFINITE_RECURSION = YES;
				CLANG_WARN_INT_CONVERSION = YES;
				CLANG_WARN_NON_LITERAL_NULL_CONVERSION = YES;
				CLANG_WARN_OBJC_IMPLICIT_RETAIN_SELF = YES;
				CLANG_WARN_OBJC_LITERAL_CONVERSION = YES;
				CLANG_WARN_OBJC_ROOT_CLASS = YES_ERROR;
				CLANG_WARN_RANGE_LOOP_ANALYSIS = YES;
				CLANG_WARN_STRICT_PROTOTYPES = YES;
				CLANG_WARN_SUSPICIOUS_MOVE = YES;
				CLANG_WARN_UNGUARDED_AVAILABILITY = YES_AGGRESSIVE;
				CLANG_WARN_UNREACHABLE_CODE = YES;
				CLANG_WARN__DUPLICATE_METHOD_MATCH = YES;
				COPY_PHASE_STRIP = NO;
				DEBUG_INFORMATION_FORMAT = "dwarf-with-dsym";
				ENABLE_NS_ASSERTIONS = NO;
				ENABLE_STRICT_OBJC_MSGSEND = YES;
				GCC_C_LANGUAGE_STANDARD = gnu11;
				GCC_NO_COMMON_BLOCKS = YES;
				GCC_WARN_64_TO_32_BIT_CONVERSION = YES;
				GCC_WARN_ABOUT_RETURN_TYPE = YES_ERROR;
				GCC_WARN_UNDECLARED_SELECTOR = YES;
				GCC_WARN_UNINITIALIZED_AUTOS = YES_AGGRESSIVE;
				GCC_WARN_UNUSED_FUNCTION = YES;
				GCC_WARN_UNUSED_VARIABLE = YES;
				IPHONEOS_DEPLOYMENT_TARGET = 13.6;
				MTL_ENABLE_DEBUG_INFO = NO;
				MTL_FAST_MATH = YES;
				SDKROOT = iphoneos;
				SWIFT_COMPILATION_MODE = wholemodule;
				SWIFT_OPTIMIZATION_LEVEL = "-O";
				VALIDATE_PRODUCT = YES;
			};
			name = Release;
		};
		DBBD759F24D0A5D0000FF7CC /* Debug */ = {
			isa = XCBuildConfiguration;
			buildSettings = {
				ASSETCATALOG_COMPILER_APPICON_NAME = AppIcon;
				CODE_SIGN_STYLE = Automatic;
				DEVELOPMENT_TEAM = Z9QZ625W6Q;
				INFOPLIST_FILE = Aliens/Info.plist;
				LD_RUNPATH_SEARCH_PATHS = (
					"$(inherited)",
					"@executable_path/Frameworks",
				);
				PRODUCT_BUNDLE_IDENTIFIER = com.julianaprado.Aliens;
				PRODUCT_NAME = "$(TARGET_NAME)";
				SWIFT_VERSION = 5.0;
				TARGETED_DEVICE_FAMILY = 1;
			};
			name = Debug;
		};
		DBBD75A024D0A5D0000FF7CC /* Release */ = {
			isa = XCBuildConfiguration;
			buildSettings = {
				ASSETCATALOG_COMPILER_APPICON_NAME = AppIcon;
				CODE_SIGN_STYLE = Automatic;
				DEVELOPMENT_TEAM = Z9QZ625W6Q;
				INFOPLIST_FILE = Aliens/Info.plist;
				LD_RUNPATH_SEARCH_PATHS = (
					"$(inherited)",
					"@executable_path/Frameworks",
				);
				PRODUCT_BUNDLE_IDENTIFIER = com.julianaprado.Aliens;
				PRODUCT_NAME = "$(TARGET_NAME)";
				SWIFT_VERSION = 5.0;
				TARGETED_DEVICE_FAMILY = 1;
			};
			name = Release;
		};
/* End XCBuildConfiguration section */

/* Begin XCConfigurationList section */
		DBBD758124D0A5CF000FF7CC /* Build configuration list for PBXProject "Aliens" */ = {
			isa = XCConfigurationList;
			buildConfigurations = (
				DBBD759C24D0A5D0000FF7CC /* Debug */,
				DBBD759D24D0A5D0000FF7CC /* Release */,
			);
			defaultConfigurationIsVisible = 0;
			defaultConfigurationName = Release;
		};
		DBBD759E24D0A5D0000FF7CC /* Build configuration list for PBXNativeTarget "Aliens" */ = {
			isa = XCConfigurationList;
			buildConfigurations = (
				DBBD759F24D0A5D0000FF7CC /* Debug */,
				DBBD75A024D0A5D0000FF7CC /* Release */,
			);
			defaultConfigurationIsVisible = 0;
			defaultConfigurationName = Release;
		};
/* End XCConfigurationList section */
	};
	rootObject = DBBD757E24D0A5CF000FF7CC /* Project object */;
}
